
Microsoft Visual Studio Solution File, Format Version 12.00
# Visual Studio Version 16
VisualStudioVersion = 16.0.810.11
MinimumVisualStudioVersion = 10.0.40219.1
Project("{FAE04EC0-301F-11D3-BF4B-00C04F79EFBC}") = "RealEstate.Api", "RealEstate.Api\RealEstate.Api.csproj", "{B2E3DC1C-F150-4479-9399-683E722F527C}"
EndProject
Global
	GlobalSection(SolutionConfigurationPlatforms) = preSolution
		Debug|Any CPU = Debug|Any CPU
		Release|Any CPU = Release|Any CPU
	EndGlobalSection
	GlobalSection(ProjectConfigurationPlatforms) = postSolution
		{B2E3DC1C-F150-4479-9399-683E722F527C}.Debug|Any CPU.ActiveCfg = Debug|Any CPU
		{B2E3DC1C-F150-4479-9399-683E722F527C}.Debug|Any CPU.Build.0 = Debug|Any CPU
		{B2E3DC1C-F150-4479-9399-683E722F527C}.Release|Any CPU.ActiveCfg = Release|Any CPU
		{B2E3DC1C-F150-4479-9399-683E722F527C}.Release|Any CPU.Build.0 = Release|Any CPU
	EndGlobalSection
	GlobalSection(SolutionProperties) = preSolution
		HideSolutionNode = FALSE
	EndGlobalSection
	GlobalSection(ExtensibilityGlobals) = postSolution
		SolutionGuid = {249F3590-5AD0-45B7-842B-C512FEDD97C6}
	EndGlobalSection
EndGlobal
