
Microsoft Visual Studio Solution File, Format Version 12.00
# Visual Studio Version 16
VisualStudioVersion = 16.0.810.11
MinimumVisualStudioVersion = 10.0.40219.1
Project("{FAE04EC0-301F-11D3-BF4B-00C04F79EFBC}") = "FlyoutApp.Android", "FlyoutApp.Android\FlyoutApp.Android.csproj", "{4CE84B92-4907-45A3-A069-098CC1B5FEE7}"
EndProject
Project("{FAE04EC0-301F-11D3-BF4B-00C04F79EFBC}") = "FlyoutApp.iOS", "FlyoutApp.iOS\FlyoutApp.iOS.csproj", "{025FF9E8-3CD9-4284-B04B-F0B9DA595EC6}"
EndProject
Project("{FAE04EC0-301F-11D3-BF4B-00C04F79EFBC}") = "FlyoutApp", "FlyoutApp\FlyoutApp.csproj", "{A61B45FF-DA8F-4FC8-BDF1-D9A286953788}"
EndProject
Global
	GlobalSection(SolutionConfigurationPlatforms) = preSolution
		Debug|Any CPU = Debug|Any CPU
		Release|Any CPU = Release|Any CPU
		Debug|iPhoneSimulator = Debug|iPhoneSimulator
		Release|iPhoneSimulator = Release|iPhoneSimulator
		Debug|iPhone = Debug|iPhone
		Release|iPhone = Release|iPhone
	EndGlobalSection
	GlobalSection(ProjectConfigurationPlatforms) = postSolution
		{4CE84B92-4907-45A3-A069-098CC1B5FEE7}.Debug|Any CPU.ActiveCfg = Debug|Any CPU
		{4CE84B92-4907-45A3-A069-098CC1B5FEE7}.Debug|Any CPU.Build.0 = Debug|Any CPU
		{4CE84B92-4907-45A3-A069-098CC1B5FEE7}.Release|Any CPU.ActiveCfg = Release|Any CPU
		{4CE84B92-4907-45A3-A069-098CC1B5FEE7}.Release|Any CPU.Build.0 = Release|Any CPU
		{4CE84B92-4907-45A3-A069-098CC1B5FEE7}.Debug|iPhoneSimulator.ActiveCfg = Debug|Any CPU
		{4CE84B92-4907-45A3-A069-098CC1B5FEE7}.Debug|iPhoneSimulator.Build.0 = Debug|Any CPU
		{4CE84B92-4907-45A3-A069-098CC1B5FEE7}.Release|iPhoneSimulator.ActiveCfg = Release|Any CPU
		{4CE84B92-4907-45A3-A069-098CC1B5FEE7}.Release|iPhoneSimulator.Build.0 = Release|Any CPU
		{4CE84B92-4907-45A3-A069-098CC1B5FEE7}.Debug|iPhone.ActiveCfg = Debug|Any CPU
		{4CE84B92-4907-45A3-A069-098CC1B5FEE7}.Debug|iPhone.Build.0 = Debug|Any CPU
		{4CE84B92-4907-45A3-A069-098CC1B5FEE7}.Release|iPhone.ActiveCfg = Release|Any CPU
		{4CE84B92-4907-45A3-A069-098CC1B5FEE7}.Release|iPhone.Build.0 = Release|Any CPU
		{025FF9E8-3CD9-4284-B04B-F0B9DA595EC6}.Debug|Any CPU.ActiveCfg = Debug|iPhoneSimulator
		{025FF9E8-3CD9-4284-B04B-F0B9DA595EC6}.Debug|Any CPU.Build.0 = Debug|iPhoneSimulator
		{025FF9E8-3CD9-4284-B04B-F0B9DA595EC6}.Release|Any CPU.ActiveCfg = Release|iPhoneSimulator
		{025FF9E8-3CD9-4284-B04B-F0B9DA595EC6}.Release|Any CPU.Build.0 = Release|iPhoneSimulator
		{025FF9E8-3CD9-4284-B04B-F0B9DA595EC6}.Debug|iPhoneSimulator.ActiveCfg = Debug|iPhoneSimulator
		{025FF9E8-3CD9-4284-B04B-F0B9DA595EC6}.Debug|iPhoneSimulator.Build.0 = Debug|iPhoneSimulator
		{025FF9E8-3CD9-4284-B04B-F0B9DA595EC6}.Release|iPhoneSimulator.ActiveCfg = Release|iPhoneSimulator
		{025FF9E8-3CD9-4284-B04B-F0B9DA595EC6}.Release|iPhoneSimulator.Build.0 = Release|iPhoneSimulator
		{025FF9E8-3CD9-4284-B04B-F0B9DA595EC6}.Debug|iPhone.ActiveCfg = Debug|iPhone
		{025FF9E8-3CD9-4284-B04B-F0B9DA595EC6}.Debug|iPhone.Build.0 = Debug|iPhone
		{025FF9E8-3CD9-4284-B04B-F0B9DA595EC6}.Release|iPhone.ActiveCfg = Release|iPhone
		{025FF9E8-3CD9-4284-B04B-F0B9DA595EC6}.Release|iPhone.Build.0 = Release|iPhone
		{A61B45FF-DA8F-4FC8-BDF1-D9A286953788}.Debug|Any CPU.ActiveCfg = Debug|Any CPU
		{A61B45FF-DA8F-4FC8-BDF1-D9A286953788}.Debug|Any CPU.Build.0 = Debug|Any CPU
		{A61B45FF-DA8F-4FC8-BDF1-D9A286953788}.Release|Any CPU.ActiveCfg = Release|Any CPU
		{A61B45FF-DA8F-4FC8-BDF1-D9A286953788}.Release|Any CPU.Build.0 = Release|Any CPU
		{A61B45FF-DA8F-4FC8-BDF1-D9A286953788}.Debug|iPhoneSimulator.ActiveCfg = Debug|Any CPU
		{A61B45FF-DA8F-4FC8-BDF1-D9A286953788}.Debug|iPhoneSimulator.Build.0 = Debug|Any CPU
		{A61B45FF-DA8F-4FC8-BDF1-D9A286953788}.Release|iPhoneSimulator.ActiveCfg = Release|Any CPU
		{A61B45FF-DA8F-4FC8-BDF1-D9A286953788}.Release|iPhoneSimulator.Build.0 = Release|Any CPU
		{A61B45FF-DA8F-4FC8-BDF1-D9A286953788}.Debug|iPhone.ActiveCfg = Debug|Any CPU
		{A61B45FF-DA8F-4FC8-BDF1-D9A286953788}.Debug|iPhone.Build.0 = Debug|Any CPU
		{A61B45FF-DA8F-4FC8-BDF1-D9A286953788}.Release|iPhone.ActiveCfg = Release|Any CPU
		{A61B45FF-DA8F-4FC8-BDF1-D9A286953788}.Release|iPhone.Build.0 = Release|Any CPU
	EndGlobalSection
	GlobalSection(SolutionProperties) = preSolution
		HideSolutionNode = FALSE
	EndGlobalSection
	GlobalSection(ExtensibilityGlobals) = postSolution
		SolutionGuid = {F9471119-E494-43A9-86BE-4C9266DEA90B}
	EndGlobalSection
EndGlobal
